{
  "name": "public",
  "lockfileVersion": 2,
  "requires": true,
  "packages": {
    "": {
      "dependencies": {
        "pdap-design-system": "^1.0.0"
      }
    },
    "node_modules/pdap-design-system": {
      "version": "1.0.0",
      "resolved": "https://registry.npmjs.org/pdap-design-system/-/pdap-design-system-1.0.0.tgz",
      "integrity": "sha512-06K/dG3e4KAq2jEsssbon9uptuoAhecF6zfOzPozzRixv/ZZ4fKoumf1kN5ksGrKQB7nFmTH9AZvdLBLTuzmtg=="
    }
  },
  "dependencies": {
    "pdap-design-system": {
      "version": "1.0.0",
      "resolved": "https://registry.npmjs.org/pdap-design-system/-/pdap-design-system-1.0.0.tgz",
      "integrity": "sha512-06K/dG3e4KAq2jEsssbon9uptuoAhecF6zfOzPozzRixv/ZZ4fKoumf1kN5ksGrKQB7nFmTH9AZvdLBLTuzmtg=="
    }
  }
}
